// !$*UTF8*$!
{
	archiveVersion = 1;
	classes = {
	};
	objectVersion = 55;
	objects = {

/* Begin PBXBuildFile section */
		4630BC9C27AC8E78007F508F /* PlayerObservers.swift in Sources */ = {isa = PBXBuildFile; fileRef = 4630BC9B27AC8E78007F508F /* PlayerObservers.swift */; };
		4630BCA127AC9A8B007F508F /* ControlCenterHelper.swift in Sources */ = {isa = PBXBuildFile; fileRef = 4630BCA027AC9A8B007F508F /* ControlCenterHelper.swift */; };
		4630BCA527ACA71F007F508F /* ControlCenterImage.jpg in Resources */ = {isa = PBXBuildFile; fileRef = 4630BCA427ACA71F007F508F /* ControlCenterImage.jpg */; };
		46ABC48927AB56E1003F7167 /* PlayerView.swift in Sources */ = {isa = PBXBuildFile; fileRef = 46ABC48827AB56E1003F7167 /* PlayerView.swift */; };
		46D504A227AA05D8009CFF55 /* AudioPlayerApp.swift in Sources */ = {isa = PBXBuildFile; fileRef = 46D504A127AA05D8009CFF55 /* AudioPlayerApp.swift */; };
		46D504A627AA05D8009CFF55 /* Assets.xcassets in Resources */ = {isa = PBXBuildFile; fileRef = 46D504A527AA05D8009CFF55 /* Assets.xcassets */; };
		46D504A927AA05D8009CFF55 /* Preview Assets.xcassets in Resources */ = {isa = PBXBuildFile; fileRef = 46D504A827AA05D8009CFF55 /* Preview Assets.xcassets */; };
		46D504B327AA05D8009CFF55 /* AudioPlayerTests.swift in Sources */ = {isa = PBXBuildFile; fileRef = 46D504B227AA05D8009CFF55 /* AudioPlayerTests.swift */; };
		46D504BD27AA05D8009CFF55 /* AudioPlayerUITests.swift in Sources */ = {isa = PBXBuildFile; fileRef = 46D504BC27AA05D8009CFF55 /* AudioPlayerUITests.swift */; };
		46D504BF27AA05D8009CFF55 /* AudioPlayerUITestsLaunchTests.swift in Sources */ = {isa = PBXBuildFile; fileRef = 46D504BE27AA05D8009CFF55 /* AudioPlayerUITestsLaunchTests.swift */; };
		46D504CD27AA116A009CFF55 /* AudioPlayerButton.swift in Sources */ = {isa = PBXBuildFile; fileRef = 46D504CC27AA116A009CFF55 /* AudioPlayerButton.swift */; };
		46DA233327AC7EE500CB2541 /* AVPlayerItem+StatusString.swift in Sources */ = {isa = PBXBuildFile; fileRef = 46DA233227AC7EE500CB2541 /* AVPlayerItem+StatusString.swift */; };
		46DA233627AC804100CB2541 /* Optional+OrNil.swift in Sources */ = {isa = PBXBuildFile; fileRef = 46DA233527AC804100CB2541 /* Optional+OrNil.swift */; };
/* End PBXBuildFile section */

/* Begin PBXContainerItemProxy section */
		46D504AF27AA05D8009CFF55 /* PBXContainerItemProxy */ = {
			isa = PBXContainerItemProxy;
			containerPortal = 46D5049627AA05D8009CFF55 /* Project object */;
			proxyType = 1;
			remoteGlobalIDString = 46D5049D27AA05D8009CFF55;
			remoteInfo = AudioPlayer;
		};
		46D504B927AA05D8009CFF55 /* PBXContainerItemProxy */ = {
			isa = PBXContainerItemProxy;
			containerPortal = 46D5049627AA05D8009CFF55 /* Project object */;
			proxyType = 1;
			remoteGlobalIDString = 46D5049D27AA05D8009CFF55;
			remoteInfo = AudioPlayer;
		};
/* End PBXContainerItemProxy section */

/* Begin PBXFileReference section */
		4630BC9B27AC8E78007F508F /* PlayerObservers.swift */ = {isa = PBXFileReference; fileEncoding = 4; lastKnownFileType = sourcecode.swift; name = PlayerObservers.swift; path = AudioPlayer/PlayerObservers.swift; sourceTree = SOURCE_ROOT; };
		4630BC9F27AC9116007F508F /* Info.plist */ = {isa = PBXFileReference; lastKnownFileType = text.plist; path = Info.plist; sourceTree = "<group>"; };
		4630BCA027AC9A8B007F508F /* ControlCenterHelper.swift */ = {isa = PBXFileReference; fileEncoding = 4; lastKnownFileType = sourcecode.swift; path = ControlCenterHelper.swift; sourceTree = "<group>"; };
		4630BCA427ACA71F007F508F /* ControlCenterImage.jpg */ = {isa = PBXFileReference; lastKnownFileType = image.jpeg; path = ControlCenterImage.jpg; sourceTree = "<group>"; };
		46ABC48827AB56E1003F7167 /* PlayerView.swift */ = {isa = PBXFileReference; fileEncoding = 4; lastKnownFileType = sourcecode.swift; name = PlayerView.swift; path = AudioPlayer/PlayerView.swift; sourceTree = SOURCE_ROOT; };
		46D5049E27AA05D8009CFF55 /* AudioPlayer.app */ = {isa = PBXFileReference; explicitFileType = wrapper.application; includeInIndex = 0; path = AudioPlayer.app; sourceTree = BUILT_PRODUCTS_DIR; };
		46D504A127AA05D8009CFF55 /* AudioPlayerApp.swift */ = {isa = PBXFileReference; lastKnownFileType = sourcecode.swift; path = AudioPlayerApp.swift; sourceTree = "<group>"; };
		46D504A527AA05D8009CFF55 /* Assets.xcassets */ = {isa = PBXFileReference; lastKnownFileType = folder.assetcatalog; path = Assets.xcassets; sourceTree = "<group>"; };
		46D504A827AA05D8009CFF55 /* Preview Assets.xcassets */ = {isa = PBXFileReference; lastKnownFileType = folder.assetcatalog; path = "Preview Assets.xcassets"; sourceTree = "<group>"; };
		46D504AE27AA05D8009CFF55 /* AudioPlayerTests.xctest */ = {isa = PBXFileReference; explicitFileType = wrapper.cfbundle; includeInIndex = 0; path = AudioPlayerTests.xctest; sourceTree = BUILT_PRODUCTS_DIR; };
		46D504B227AA05D8009CFF55 /* AudioPlayerTests.swift */ = {isa = PBXFileReference; lastKnownFileType = sourcecode.swift; path = AudioPlayerTests.swift; sourceTree = "<group>"; };
		46D504B827AA05D8009CFF55 /* AudioPlayerUITests.xctest */ = {isa = PBXFileReference; explicitFileType = wrapper.cfbundle; includeInIndex = 0; path = AudioPlayerUITests.xctest; sourceTree = BUILT_PRODUCTS_DIR; };
		46D504BC27AA05D8009CFF55 /* AudioPlayerUITests.swift */ = {isa = PBXFileReference; lastKnownFileType = sourcecode.swift; path = AudioPlayerUITests.swift; sourceTree = "<group>"; };
		46D504BE27AA05D8009CFF55 /* AudioPlayerUITestsLaunchTests.swift */ = {isa = PBXFileReference; lastKnownFileType = sourcecode.swift; path = AudioPlayerUITestsLaunchTests.swift; sourceTree = "<group>"; };
		46D504CC27AA116A009CFF55 /* AudioPlayerButton.swift */ = {isa = PBXFileReference; fileEncoding = 4; lastKnownFileType = sourcecode.swift; path = AudioPlayerButton.swift; sourceTree = "<group>"; };
		46DA233227AC7EE500CB2541 /* AVPlayerItem+StatusString.swift */ = {isa = PBXFileReference; fileEncoding = 4; lastKnownFileType = sourcecode.swift; name = "AVPlayerItem+StatusString.swift"; path = "AudioPlayer/Extensions/AVPlayerItem+StatusString.swift"; sourceTree = SOURCE_ROOT; };
		46DA233527AC804100CB2541 /* Optional+OrNil.swift */ = {isa = PBXFileReference; fileEncoding = 4; lastKnownFileType = sourcecode.swift; path = "Optional+OrNil.swift"; sourceTree = "<group>"; };
/* End PBXFileReference section */

/* Begin PBXFrameworksBuildPhase section */
		46D5049B27AA05D8009CFF55 /* Frameworks */ = {
			isa = PBXFrameworksBuildPhase;
			buildActionMask = 2147483647;
			files = (
			);
			runOnlyForDeploymentPostprocessing = 0;
		};
		46D504AB27AA05D8009CFF55 /* Frameworks */ = {
			isa = PBXFrameworksBuildPhase;
			buildActionMask = 2147483647;
			files = (
			);
			runOnlyForDeploymentPostprocessing = 0;
		};
		46D504B527AA05D8009CFF55 /* Frameworks */ = {
			isa = PBXFrameworksBuildPhase;
			buildActionMask = 2147483647;
			files = (
			);
			runOnlyForDeploymentPostprocessing = 0;
		};
/* End PBXFrameworksBuildPhase section */

/* Begin PBXGroup section */
		46D5049527AA05D8009CFF55 = {
			isa = PBXGroup;
			children = (
				46D504A027AA05D8009CFF55 /* AudioPlayer */,
				46D504B127AA05D8009CFF55 /* AudioPlayerTests */,
				46D504BB27AA05D8009CFF55 /* AudioPlayerUITests */,
				46D5049F27AA05D8009CFF55 /* Products */,
			);
			sourceTree = "<group>";
		};
		46D5049F27AA05D8009CFF55 /* Products */ = {
			isa = PBXGroup;
			children = (
				46D5049E27AA05D8009CFF55 /* AudioPlayer.app */,
				46D504AE27AA05D8009CFF55 /* AudioPlayerTests.xctest */,
				46D504B827AA05D8009CFF55 /* AudioPlayerUITests.xctest */,
			);
			name = Products;
			sourceTree = "<group>";
		};
		46D504A027AA05D8009CFF55 /* AudioPlayer */ = {
			isa = PBXGroup;
			children = (
				46D504A527AA05D8009CFF55 /* Assets.xcassets */,
				46D504A127AA05D8009CFF55 /* AudioPlayerApp.swift */,
				4630BCA027AC9A8B007F508F /* ControlCenterHelper.swift */,
				4630BCA427ACA71F007F508F /* ControlCenterImage.jpg */,
				46DA233427AC7F0D00CB2541 /* Extensions */,
				4630BC9F27AC9116007F508F /* Info.plist */,
				4630BC9B27AC8E78007F508F /* PlayerObservers.swift */,
				46D504A727AA05D8009CFF55 /* Preview Content */,
				46D504CB27AA116A009CFF55 /* ViewComponents */,
			);
			path = AudioPlayer;
			sourceTree = "<group>";
		};
		46D504A727AA05D8009CFF55 /* Preview Content */ = {
			isa = PBXGroup;
			children = (
				46D504A827AA05D8009CFF55 /* Preview Assets.xcassets */,
			);
			path = "Preview Content";
			sourceTree = "<group>";
		};
		46D504B127AA05D8009CFF55 /* AudioPlayerTests */ = {
			isa = PBXGroup;
			children = (
				46D504B227AA05D8009CFF55 /* AudioPlayerTests.swift */,
			);
			path = AudioPlayerTests;
			sourceTree = "<group>";
		};
		46D504BB27AA05D8009CFF55 /* AudioPlayerUITests */ = {
			isa = PBXGroup;
			children = (
				46D504BC27AA05D8009CFF55 /* AudioPlayerUITests.swift */,
				46D504BE27AA05D8009CFF55 /* AudioPlayerUITestsLaunchTests.swift */,
			);
			path = AudioPlayerUITests;
			sourceTree = "<group>";
		};
		46D504CB27AA116A009CFF55 /* ViewComponents */ = {
			isa = PBXGroup;
			children = (
				46D504CC27AA116A009CFF55 /* AudioPlayerButton.swift */,
				46ABC48827AB56E1003F7167 /* PlayerView.swift */,
			);
			path = ViewComponents;
			sourceTree = "<group>";
		};
		46DA233427AC7F0D00CB2541 /* Extensions */ = {
			isa = PBXGroup;
			children = (
				46DA233227AC7EE500CB2541 /* AVPlayerItem+StatusString.swift */,
				46DA233527AC804100CB2541 /* Optional+OrNil.swift */,
			);
			path = Extensions;
			sourceTree = "<group>";
		};
/* End PBXGroup section */

/* Begin PBXNativeTarget section */
		46D5049D27AA05D8009CFF55 /* AudioPlayer */ = {
			isa = PBXNativeTarget;
			buildConfigurationList = 46D504C227AA05D8009CFF55 /* Build configuration list for PBXNativeTarget "AudioPlayer" */;
			buildPhases = (
				46D5049A27AA05D8009CFF55 /* Sources */,
				46D5049B27AA05D8009CFF55 /* Frameworks */,
				46D5049C27AA05D8009CFF55 /* Resources */,
			);
			buildRules = (
			);
			dependencies = (
			);
			name = AudioPlayer;
			productName = AudioPlayer;
			productReference = 46D5049E27AA05D8009CFF55 /* AudioPlayer.app */;
			productType = "com.apple.product-type.application";
		};
		46D504AD27AA05D8009CFF55 /* AudioPlayerTests */ = {
			isa = PBXNativeTarget;
			buildConfigurationList = 46D504C527AA05D8009CFF55 /* Build configuration list for PBXNativeTarget "AudioPlayerTests" */;
			buildPhases = (
				46D504AA27AA05D8009CFF55 /* Sources */,
				46D504AB27AA05D8009CFF55 /* Frameworks */,
				46D504AC27AA05D8009CFF55 /* Resources */,
			);
			buildRules = (
			);
			dependencies = (
				46D504B027AA05D8009CFF55 /* PBXTargetDependency */,
			);
			name = AudioPlayerTests;
			productName = AudioPlayerTests;
			productReference = 46D504AE27AA05D8009CFF55 /* AudioPlayerTests.xctest */;
			productType = "com.apple.product-type.bundle.unit-test";
		};
		46D504B727AA05D8009CFF55 /* AudioPlayerUITests */ = {
			isa = PBXNativeTarget;
			buildConfigurationList = 46D504C827AA05D8009CFF55 /* Build configuration list for PBXNativeTarget "AudioPlayerUITests" */;
			buildPhases = (
				46D504B427AA05D8009CFF55 /* Sources */,
				46D504B527AA05D8009CFF55 /* Frameworks */,
				46D504B627AA05D8009CFF55 /* Resources */,
			);
			buildRules = (
			);
			dependencies = (
				46D504BA27AA05D8009CFF55 /* PBXTargetDependency */,
			);
			name = AudioPlayerUITests;
			productName = AudioPlayerUITests;
			productReference = 46D504B827AA05D8009CFF55 /* AudioPlayerUITests.xctest */;
			productType = "com.apple.product-type.bundle.ui-testing";
		};
/* End PBXNativeTarget section */

/* Begin PBXProject section */
		46D5049627AA05D8009CFF55 /* Project object */ = {
			isa = PBXProject;
			attributes = {
				BuildIndependentTargetsInParallel = 1;
				LastSwiftUpdateCheck = 1320;
				LastUpgradeCheck = 1320;
				TargetAttributes = {
					46D5049D27AA05D8009CFF55 = {
						CreatedOnToolsVersion = 13.2.1;
					};
					46D504AD27AA05D8009CFF55 = {
						CreatedOnToolsVersion = 13.2.1;
						TestTargetID = 46D5049D27AA05D8009CFF55;
					};
					46D504B727AA05D8009CFF55 = {
						CreatedOnToolsVersion = 13.2.1;
						TestTargetID = 46D5049D27AA05D8009CFF55;
					};
				};
			};
			buildConfigurationList = 46D5049927AA05D8009CFF55 /* Build configuration list for PBXProject "AudioPlayer" */;
			compatibilityVersion = "Xcode 13.0";
			developmentRegion = en;
			hasScannedForEncodings = 0;
			knownRegions = (
				en,
				Base,
			);
			mainGroup = 46D5049527AA05D8009CFF55;
			productRefGroup = 46D5049F27AA05D8009CFF55 /* Products */;
			projectDirPath = "";
			projectRoot = "";
			targets = (
				46D5049D27AA05D8009CFF55 /* AudioPlayer */,
				46D504AD27AA05D8009CFF55 /* AudioPlayerTests */,
				46D504B727AA05D8009CFF55 /* AudioPlayerUITests */,
			);
		};
/* End PBXProject section */

/* Begin PBXResourcesBuildPhase section */
		46D5049C27AA05D8009CFF55 /* Resources */ = {
			isa = PBXResourcesBuildPhase;
			buildActionMask = 2147483647;
			files = (
				46D504A927AA05D8009CFF55 /* Preview Assets.xcassets in Resources */,
				46D504A627AA05D8009CFF55 /* Assets.xcassets in Resources */,
				4630BCA527ACA71F007F508F /* ControlCenterImage.jpg in Resources */,
			);
			runOnlyForDeploymentPostprocessing = 0;
		};
		46D504AC27AA05D8009CFF55 /* Resources */ = {
			isa = PBXResourcesBuildPhase;
			buildActionMask = 2147483647;
			files = (
			);
			runOnlyForDeploymentPostprocessing = 0;
		};
		46D504B627AA05D8009CFF55 /* Resources */ = {
			isa = PBXResourcesBuildPhase;
			buildActionMask = 2147483647;
			files = (
			);
			runOnlyForDeploymentPostprocessing = 0;
		};
/* End PBXResourcesBuildPhase section */

/* Begin PBXSourcesBuildPhase section */
		46D5049A27AA05D8009CFF55 /* Sources */ = {
			isa = PBXSourcesBuildPhase;
			buildActionMask = 2147483647;
			files = (
				46DA233327AC7EE500CB2541 /* AVPlayerItem+StatusString.swift in Sources */,
				46DA233627AC804100CB2541 /* Optional+OrNil.swift in Sources */,
				46D504CD27AA116A009CFF55 /* AudioPlayerButton.swift in Sources */,
				46ABC48927AB56E1003F7167 /* PlayerView.swift in Sources */,
				4630BCA127AC9A8B007F508F /* ControlCenterHelper.swift in Sources */,
				46D504A227AA05D8009CFF55 /* AudioPlayerApp.swift in Sources */,
				4630BC9C27AC8E78007F508F /* PlayerObservers.swift in Sources */,
			);
			runOnlyForDeploymentPostprocessing = 0;
		};
		46D504AA27AA05D8009CFF55 /* Sources */ = {
			isa = PBXSourcesBuildPhase;
			buildActionMask = 2147483647;
			files = (
				46D504B327AA05D8009CFF55 /* AudioPlayerTests.swift in Sources */,
			);
			runOnlyForDeploymentPostprocessing = 0;
		};
		46D504B427AA05D8009CFF55 /* Sources */ = {
			isa = PBXSourcesBuildPhase;
			buildActionMask = 2147483647;
			files = (
				46D504BF27AA05D8009CFF55 /* AudioPlayerUITestsLaunchTests.swift in Sources */,
				46D504BD27AA05D8009CFF55 /* AudioPlayerUITests.swift in Sources */,
			);
			runOnlyForDeploymentPostprocessing = 0;
		};
/* End PBXSourcesBuildPhase section */

/* Begin PBXTargetDependency section */
		46D504B027AA05D8009CFF55 /* PBXTargetDependency */ = {
			isa = PBXTargetDependency;
			target = 46D5049D27AA05D8009CFF55 /* AudioPlayer */;
			targetProxy = 46D504AF27AA05D8009CFF55 /* PBXContainerItemProxy */;
		};
		46D504BA27AA05D8009CFF55 /* PBXTargetDependency */ = {
			isa = PBXTargetDependency;
			target = 46D5049D27AA05D8009CFF55 /* AudioPlayer */;
			targetProxy = 46D504B927AA05D8009CFF55 /* PBXContainerItemProxy */;
		};
/* End PBXTargetDependency section */

/* Begin XCBuildConfiguration section */
		46D504C027AA05D8009CFF55 /* Debug */ = {
			isa = XCBuildConfiguration;
			buildSettings = {
				ALWAYS_SEARCH_USER_PATHS = NO;
				CLANG_ANALYZER_NONNULL = YES;
				CLANG_ANALYZER_NUMBER_OBJECT_CONVERSION = YES_AGGRESSIVE;
				CLANG_CXX_LANGUAGE_STANDARD = "gnu++17";
				CLANG_CXX_LIBRARY = "libc++";
				CLANG_ENABLE_MODULES = YES;
				CLANG_ENABLE_OBJC_ARC = YES;
				CLANG_ENABLE_OBJC_WEAK = YES;
				CLANG_WARN_BLOCK_CAPTURE_AUTORELEASING = YES;
				CLANG_WARN_BOOL_CONVERSION = YES;
				CLANG_WARN_COMMA = YES;
				CLANG_WARN_CONSTANT_CONVERSION = YES;
				CLANG_WARN_DEPRECATED_OBJC_IMPLEMENTATIONS = YES;
				CLANG_WARN_DIRECT_OBJC_ISA_USAGE = YES_ERROR;
				CLANG_WARN_DOCUMENTATION_COMMENTS = YES;
				CLANG_WARN_EMPTY_BODY = YES;
				CLANG_WARN_ENUM_CONVERSION = YES;
				CLANG_WARN_INFINITE_RECURSION = YES;
				CLANG_WARN_INT_CONVERSION = YES;
				CLANG_WARN_NON_LITERAL_NULL_CONVERSION = YES;
				CLANG_WARN_OBJC_IMPLICIT_RETAIN_SELF = YES;
				CLANG_WARN_OBJC_LITERAL_CONVERSION = YES;
				CLANG_WARN_OBJC_ROOT_CLASS = YES_ERROR;
				CLANG_WARN_QUOTED_INCLUDE_IN_FRAMEWORK_HEADER = YES;
				CLANG_WARN_RANGE_LOOP_ANALYSIS = YES;
				CLANG_WARN_STRICT_PROTOTYPES = YES;
				CLANG_WARN_SUSPICIOUS_MOVE = YES;
				CLANG_WARN_UNGUARDED_AVAILABILITY = YES_AGGRESSIVE;
				CLANG_WARN_UNREACHABLE_CODE = YES;
				CLANG_WARN__DUPLICATE_METHOD_MATCH = YES;
				COPY_PHASE_STRIP = NO;
				DEBUG_INFORMATION_FORMAT = dwarf;
				ENABLE_STRICT_OBJC_MSGSEND = YES;
				ENABLE_TESTABILITY = YES;
				GCC_C_LANGUAGE_STANDARD = gnu11;
				GCC_DYNAMIC_NO_PIC = NO;
				GCC_NO_COMMON_BLOCKS = YES;
				GCC_OPTIMIZATION_LEVEL = 0;
				GCC_PREPROCESSOR_DEFINITIONS = (
					"DEBUG=1",
					"$(inherited)",
				);
				GCC_WARN_64_TO_32_BIT_CONVERSION = YES;
				GCC_WARN_ABOUT_RETURN_TYPE = YES_ERROR;
				GCC_WARN_UNDECLARED_SELECTOR = YES;
				GCC_WARN_UNINITIALIZED_AUTOS = YES_AGGRESSIVE;
				GCC_WARN_UNUSED_FUNCTION = YES;
				GCC_WARN_UNUSED_VARIABLE = YES;
				IPHONEOS_DEPLOYMENT_TARGET = 15.2;
				MTL_ENABLE_DEBUG_INFO = INCLUDE_SOURCE;
				MTL_FAST_MATH = YES;
				ONLY_ACTIVE_ARCH = YES;
				SDKROOT = iphoneos;
				SWIFT_ACTIVE_COMPILATION_CONDITIONS = DEBUG;
				SWIFT_OPTIMIZATION_LEVEL = "-Onone";
			};
			name = Debug;
		};
		46D504C127AA05D8009CFF55 /* Release */ = {
			isa = XCBuildConfiguration;
			buildSettings = {
				ALWAYS_SEARCH_USER_PATHS = NO;
				CLANG_ANALYZER_NONNULL = YES;
				CLANG_ANALYZER_NUMBER_OBJECT_CONVERSION = YES_AGGRESSIVE;
				CLANG_CXX_LANGUAGE_STANDARD = "gnu++17";
				CLANG_CXX_LIBRARY = "libc++";
				CLANG_ENABLE_MODULES = YES;
				CLANG_ENABLE_OBJC_ARC = YES;
				CLANG_ENABLE_OBJC_WEAK = YES;
				CLANG_WARN_BLOCK_CAPTURE_AUTORELEASING = YES;
				CLANG_WARN_BOOL_CONVERSION = YES;
				CLANG_WARN_COMMA = YES;
				CLANG_WARN_CONSTANT_CONVERSION = YES;
				CLANG_WARN_DEPRECATED_OBJC_IMPLEMENTATIONS = YES;
				CLANG_WARN_DIRECT_OBJC_ISA_USAGE = YES_ERROR;
				CLANG_WARN_DOCUMENTATION_COMMENTS = YES;
				CLANG_WARN_EMPTY_BODY = YES;
				CLANG_WARN_ENUM_CONVERSION = YES;
				CLANG_WARN_INFINITE_RECURSION = YES;
				CLANG_WARN_INT_CONVERSION = YES;
				CLANG_WARN_NON_LITERAL_NULL_CONVERSION = YES;
				CLANG_WARN_OBJC_IMPLICIT_RETAIN_SELF = YES;
				CLANG_WARN_OBJC_LITERAL_CONVERSION = YES;
				CLANG_WARN_OBJC_ROOT_CLASS = YES_ERROR;
				CLANG_WARN_QUOTED_INCLUDE_IN_FRAMEWORK_HEADER = YES;
				CLANG_WARN_RANGE_LOOP_ANALYSIS = YES;
				CLANG_WARN_STRICT_PROTOTYPES = YES;
				CLANG_WARN_SUSPICIOUS_MOVE = YES;
				CLANG_WARN_UNGUARDED_AVAILABILITY = YES_AGGRESSIVE;
				CLANG_WARN_UNREACHABLE_CODE = YES;
				CLANG_WARN__DUPLICATE_METHOD_MATCH = YES;
				COPY_PHASE_STRIP = NO;
				DEBUG_INFORMATION_FORMAT = "dwarf-with-dsym";
				ENABLE_NS_ASSERTIONS = NO;
				ENABLE_STRICT_OBJC_MSGSEND = YES;
				GCC_C_LANGUAGE_STANDARD = gnu11;
				GCC_NO_COMMON_BLOCKS = YES;
				GCC_WARN_64_TO_32_BIT_CONVERSION = YES;
				GCC_WARN_ABOUT_RETURN_TYPE = YES_ERROR;
				GCC_WARN_UNDECLARED_SELECTOR = YES;
				GCC_WARN_UNINITIALIZED_AUTOS = YES_AGGRESSIVE;
				GCC_WARN_UNUSED_FUNCTION = YES;
				GCC_WARN_UNUSED_VARIABLE = YES;
				IPHONEOS_DEPLOYMENT_TARGET = 15.2;
				MTL_ENABLE_DEBUG_INFO = NO;
				MTL_FAST_MATH = YES;
				SDKROOT = iphoneos;
				SWIFT_COMPILATION_MODE = wholemodule;
				SWIFT_OPTIMIZATION_LEVEL = "-O";
				VALIDATE_PRODUCT = YES;
			};
			name = Release;
		};
		46D504C327AA05D8009CFF55 /* Debug */ = {
			isa = XCBuildConfiguration;
			buildSettings = {
				ASSETCATALOG_COMPILER_APPICON_NAME = AppIcon;
				ASSETCATALOG_COMPILER_GLOBAL_ACCENT_COLOR_NAME = AccentColor;
				CODE_SIGN_STYLE = Automatic;
				CURRENT_PROJECT_VERSION = 1;
				DEVELOPMENT_ASSET_PATHS = "\"AudioPlayer/Preview Content\"";
				DEVELOPMENT_TEAM = LHD4JW3UVR;
				ENABLE_PREVIEWS = YES;
				GENERATE_INFOPLIST_FILE = YES;
				INFOPLIST_FILE = AudioPlayer/Info.plist;
				INFOPLIST_KEY_UIApplicationSceneManifest_Generation = YES;
				INFOPLIST_KEY_UIApplicationSupportsIndirectInputEvents = YES;
				INFOPLIST_KEY_UILaunchScreen_Generation = YES;
				INFOPLIST_KEY_UISupportedInterfaceOrientations_iPad = "UIInterfaceOrientationPortrait UIInterfaceOrientationPortraitUpsideDown UIInterfaceOrientationLandscapeLeft UIInterfaceOrientationLandscapeRight";
				INFOPLIST_KEY_UISupportedInterfaceOrientations_iPhone = "UIInterfaceOrientationPortrait UIInterfaceOrientationLandscapeLeft UIInterfaceOrientationLandscapeRight";
				LD_RUNPATH_SEARCH_PATHS = (
					"$(inherited)",
					"@executable_path/Frameworks",
				);
				MARKETING_VERSION = 1.0;
				PRODUCT_BUNDLE_IDENTIFIER = shauncampbell.AudioPlayer;
				PRODUCT_NAME = "$(TARGET_NAME)";
				SWIFT_EMIT_LOC_STRINGS = YES;
				SWIFT_VERSION = 5.0;
				TARGETED_DEVICE_FAMILY = "1,2";
			};
			name = Debug;
		};
		46D504C427AA05D8009CFF55 /* Release */ = {
			isa = XCBuildConfiguration;
			buildSettings = {
				ASSETCATALOG_COMPILER_APPICON_NAME = AppIcon;
				ASSETCATALOG_COMPILER_GLOBAL_ACCENT_COLOR_NAME = AccentColor;
				CODE_SIGN_STYLE = Automatic;
				CURRENT_PROJECT_VERSION = 1;
				DEVELOPMENT_ASSET_PATHS = "\"AudioPlayer/Preview Content\"";
				DEVELOPMENT_TEAM = LHD4JW3UVR;
				ENABLE_PREVIEWS = YES;
				GENERATE_INFOPLIST_FILE = YES;
				INFOPLIST_FILE = AudioPlayer/Info.plist;
				INFOPLIST_KEY_UIApplicationSceneManifest_Generation = YES;
				INFOPLIST_KEY_UIApplicationSupportsIndirectInputEvents = YES;
				INFOPLIST_KEY_UILaunchScreen_Generation = YES;
				INFOPLIST_KEY_UISupportedInterfaceOrientations_iPad = "UIInterfaceOrientationPortrait UIInterfaceOrientationPortraitUpsideDown UIInterfaceOrientationLandscapeLeft UIInterfaceOrientationLandscapeRight";
				INFOPLIST_KEY_UISupportedInterfaceOrientations_iPhone = "UIInterfaceOrientationPortrait UIInterfaceOrientationLandscapeLeft UIInterfaceOrientationLandscapeRight";
				LD_RUNPATH_SEARCH_PATHS = (
					"$(inherited)",
					"@executable_path/Frameworks",
				);
				MARKETING_VERSION = 1.0;
				PRODUCT_BUNDLE_IDENTIFIER = shauncampbell.AudioPlayer;
				PRODUCT_NAME = "$(TARGET_NAME)";
				SWIFT_EMIT_LOC_STRINGS = YES;
				SWIFT_VERSION = 5.0;
				TARGETED_DEVICE_FAMILY = "1,2";
			};
			name = Release;
		};
		46D504C627AA05D8009CFF55 /* Debug */ = {
			isa = XCBuildConfiguration;
			buildSettings = {
				ALWAYS_EMBED_SWIFT_STANDARD_LIBRARIES = YES;
				BUNDLE_LOADER = "$(TEST_HOST)";
				CODE_SIGN_STYLE = Automatic;
				CURRENT_PROJECT_VERSION = 1;
				DEVELOPMENT_TEAM = LHD4JW3UVR;
				GENERATE_INFOPLIST_FILE = YES;
				IPHONEOS_DEPLOYMENT_TARGET = 15.2;
				MARKETING_VERSION = 1.0;
				PRODUCT_BUNDLE_IDENTIFIER = shauncampbell.AudioPlayerTests;
				PRODUCT_NAME = "$(TARGET_NAME)";
				SWIFT_EMIT_LOC_STRINGS = NO;
				SWIFT_VERSION = 5.0;
				TARGETED_DEVICE_FAMILY = "1,2";
				TEST_HOST = "$(BUILT_PRODUCTS_DIR)/AudioPlayer.app/AudioPlayer";
			};
			name = Debug;
		};
		46D504C727AA05D8009CFF55 /* Release */ = {
			isa = XCBuildConfiguration;
			buildSettings = {
				ALWAYS_EMBED_SWIFT_STANDARD_LIBRARIES = YES;
				BUNDLE_LOADER = "$(TEST_HOST)";
				CODE_SIGN_STYLE = Automatic;
				CURRENT_PROJECT_VERSION = 1;
				DEVELOPMENT_TEAM = LHD4JW3UVR;
				GENERATE_INFOPLIST_FILE = YES;
				IPHONEOS_DEPLOYMENT_TARGET = 15.2;
				MARKETING_VERSION = 1.0;
				PRODUCT_BUNDLE_IDENTIFIER = shauncampbell.AudioPlayerTests;
				PRODUCT_NAME = "$(TARGET_NAME)";
				SWIFT_EMIT_LOC_STRINGS = NO;
				SWIFT_VERSION = 5.0;
				TARGETED_DEVICE_FAMILY = "1,2";
				TEST_HOST = "$(BUILT_PRODUCTS_DIR)/AudioPlayer.app/AudioPlayer";
			};
			name = Release;
		};
		46D504C927AA05D8009CFF55 /* Debug */ = {
			isa = XCBuildConfiguration;
			buildSettings = {
				ALWAYS_EMBED_SWIFT_STANDARD_LIBRARIES = YES;
				CODE_SIGN_STYLE = Automatic;
				CURRENT_PROJECT_VERSION = 1;
				DEVELOPMENT_TEAM = LHD4JW3UVR;
				GENERATE_INFOPLIST_FILE = YES;
				MARKETING_VERSION = 1.0;
				PRODUCT_BUNDLE_IDENTIFIER = shauncampbell.AudioPlayerUITests;
				PRODUCT_NAME = "$(TARGET_NAME)";
				SWIFT_EMIT_LOC_STRINGS = NO;
				SWIFT_VERSION = 5.0;
				TARGETED_DEVICE_FAMILY = "1,2";
				TEST_TARGET_NAME = AudioPlayer;
			};
			name = Debug;
		};
		46D504CA27AA05D8009CFF55 /* Release */ = {
			isa = XCBuildConfiguration;
			buildSettings = {
				ALWAYS_EMBED_SWIFT_STANDARD_LIBRARIES = YES;
				CODE_SIGN_STYLE = Automatic;
				CURRENT_PROJECT_VERSION = 1;
				DEVELOPMENT_TEAM = LHD4JW3UVR;
				GENERATE_INFOPLIST_FILE = YES;
				MARKETING_VERSION = 1.0;
				PRODUCT_BUNDLE_IDENTIFIER = shauncampbell.AudioPlayerUITests;
				PRODUCT_NAME = "$(TARGET_NAME)";
				SWIFT_EMIT_LOC_STRINGS = NO;
				SWIFT_VERSION = 5.0;
				TARGETED_DEVICE_FAMILY = "1,2";
				TEST_TARGET_NAME = AudioPlayer;
			};
			name = Release;
		};
/* End XCBuildConfiguration section */

/* Begin XCConfigurationList section */
		46D5049927AA05D8009CFF55 /* Build configuration list for PBXProject "AudioPlayer" */ = {
			isa = XCConfigurationList;
			buildConfigurations = (
				46D504C027AA05D8009CFF55 /* Debug */,
				46D504C127AA05D8009CFF55 /* Release */,
			);
			defaultConfigurationIsVisible = 0;
			defaultConfigurationName = Release;
		};
		46D504C227AA05D8009CFF55 /* Build configuration list for PBXNativeTarget "AudioPlayer" */ = {
			isa = XCConfigurationList;
			buildConfigurations = (
				46D504C327AA05D8009CFF55 /* Debug */,
				46D504C427AA05D8009CFF55 /* Release */,
			);
			defaultConfigurationIsVisible = 0;
			defaultConfigurationName = Release;
		};
		46D504C527AA05D8009CFF55 /* Build configuration list for PBXNativeTarget "AudioPlayerTests" */ = {
			isa = XCConfigurationList;
			buildConfigurations = (
				46D504C627AA05D8009CFF55 /* Debug */,
				46D504C727AA05D8009CFF55 /* Release */,
			);
			defaultConfigurationIsVisible = 0;
			defaultConfigurationName = Release;
		};
		46D504C827AA05D8009CFF55 /* Build configuration list for PBXNativeTarget "AudioPlayerUITests" */ = {
			isa = XCConfigurationList;
			buildConfigurations = (
				46D504C927AA05D8009CFF55 /* Debug */,
				46D504CA27AA05D8009CFF55 /* Release */,
			);
			defaultConfigurationIsVisible = 0;
			defaultConfigurationName = Release;
		};
/* End XCConfigurationList section */
	};
	rootObject = 46D5049627AA05D8009CFF55 /* Project object */;
}
